// !$*UTF8*$!
{
	archiveVersion = 1;
	classes = {
	};
	objectVersion = 51;
	objects = {

/* Begin PBXBuildFile section */
		520D390423E629D1002F57E4 /* SignWebScrapAPI.swift in Sources */ = {isa = PBXBuildFile; fileRef = 520D390323E629D1002F57E4 /* SignWebScrapAPI.swift */; };
		520D390623E62E89002F57E4 /* SignScrapService.swift in Sources */ = {isa = PBXBuildFile; fileRef = 520D390523E62E89002F57E4 /* SignScrapService.swift */; };
		521E52E523D7B4B9005FC42F /* AppDelegate.swift in Sources */ = {isa = PBXBuildFile; fileRef = 521E52E423D7B4B9005FC42F /* AppDelegate.swift */; };
		521E52EB23D7B4BA005FC42F /* Assets.xcassets in Resources */ = {isa = PBXBuildFile; fileRef = 521E52EA23D7B4BA005FC42F /* Assets.xcassets */; };
		521E52EE23D7B4BA005FC42F /* Preview Assets.xcassets in Resources */ = {isa = PBXBuildFile; fileRef = 521E52ED23D7B4BA005FC42F /* Preview Assets.xcassets */; };
		521E52F123D7B4BA005FC42F /* LaunchScreen.storyboard in Resources */ = {isa = PBXBuildFile; fileRef = 521E52EF23D7B4BA005FC42F /* LaunchScreen.storyboard */; };
		521E52FC23D7B4BA005FC42F /* HoroscopoTests.swift in Sources */ = {isa = PBXBuildFile; fileRef = 521E52FB23D7B4BA005FC42F /* HoroscopoTests.swift */; };
		521E531B23D7B84F005FC42F /* HomeCoordinatorDelegate.swift in Sources */ = {isa = PBXBuildFile; fileRef = 521E531923D7B84F005FC42F /* HomeCoordinatorDelegate.swift */; };
		521E531C23D7B84F005FC42F /* HomeCoordinator.swift in Sources */ = {isa = PBXBuildFile; fileRef = 521E531A23D7B84F005FC42F /* HomeCoordinator.swift */; };
		521E532123D7B890005FC42F /* HomeViewController.xib in Resources */ = {isa = PBXBuildFile; fileRef = 521E531F23D7B890005FC42F /* HomeViewController.xib */; };
		521E532223D7B890005FC42F /* HomeViewController.swift in Sources */ = {isa = PBXBuildFile; fileRef = 521E532023D7B890005FC42F /* HomeViewController.swift */; };
		521E532523D7B8A4005FC42F /* HomeViewModel.swift in Sources */ = {isa = PBXBuildFile; fileRef = 521E532423D7B8A4005FC42F /* HomeViewModel.swift */; };
		521E532A23D7B8D5005FC42F /* CustomTextField.swift in Sources */ = {isa = PBXBuildFile; fileRef = 521E532823D7B8D5005FC42F /* CustomTextField.swift */; };
		521E532B23D7B8D5005FC42F /* CustomButton.swift in Sources */ = {isa = PBXBuildFile; fileRef = 521E532923D7B8D5005FC42F /* CustomButton.swift */; };
		521E533123D7B8E8005FC42F /* Coordinator.swift in Sources */ = {isa = PBXBuildFile; fileRef = 521E532E23D7B8E8005FC42F /* Coordinator.swift */; };
		521E533223D7B8E8005FC42F /* BaseCoordinator.swift in Sources */ = {isa = PBXBuildFile; fileRef = 521E532F23D7B8E8005FC42F /* BaseCoordinator.swift */; };
		521E533323D7B8E8005FC42F /* AppCoordinator.swift in Sources */ = {isa = PBXBuildFile; fileRef = 521E533023D7B8E8005FC42F /* AppCoordinator.swift */; };
		521E533623D7B8F7005FC42F /* UIColor+Utils.swift in Sources */ = {isa = PBXBuildFile; fileRef = 521E533523D7B8F7005FC42F /* UIColor+Utils.swift */; };
		521E533923D7BE19005FC42F /* SignImageCell.swift in Sources */ = {isa = PBXBuildFile; fileRef = 521E533723D7BE19005FC42F /* SignImageCell.swift */; };
		521E533A23D7BE19005FC42F /* SignImageCell.xib in Resources */ = {isa = PBXBuildFile; fileRef = 521E533823D7BE19005FC42F /* SignImageCell.xib */; };
		524EF4E423D8B00C00A8F8ED /* PulseAnimation.swift in Sources */ = {isa = PBXBuildFile; fileRef = 524EF4E323D8B00C00A8F8ED /* PulseAnimation.swift */; };
		525F98D223DB2C750087BE65 /* SignDetailsViewController.swift in Sources */ = {isa = PBXBuildFile; fileRef = 525F98D023DB2C750087BE65 /* SignDetailsViewController.swift */; };
		525F98D323DB2C750087BE65 /* SignDetailsViewController.xib in Resources */ = {isa = PBXBuildFile; fileRef = 525F98D123DB2C750087BE65 /* SignDetailsViewController.xib */; };
		525F98D523DB31440087BE65 /* SignDetailsViewModel.swift in Sources */ = {isa = PBXBuildFile; fileRef = 525F98D423DB31440087BE65 /* SignDetailsViewModel.swift */; };
		525F98D823DB317C0087BE65 /* SignDetailsModel.swift in Sources */ = {isa = PBXBuildFile; fileRef = 525F98D723DB317C0087BE65 /* SignDetailsModel.swift */; };
		525F98DB23DB505C0087BE65 /* ServiceProtocol.swift in Sources */ = {isa = PBXBuildFile; fileRef = 525F98DA23DB505C0087BE65 /* ServiceProtocol.swift */; };
		525F98DD23DB50880087BE65 /* ServiceProvider.swift in Sources */ = {isa = PBXBuildFile; fileRef = 525F98DC23DB50880087BE65 /* ServiceProvider.swift */; };
		525F98E023DB50AC0087BE65 /* ServiceError.swift in Sources */ = {isa = PBXBuildFile; fileRef = 525F98DF23DB50AC0087BE65 /* ServiceError.swift */; };
		525F98E223DB50C90087BE65 /* ParameterEncoder.swift in Sources */ = {isa = PBXBuildFile; fileRef = 525F98E123DB50C90087BE65 /* ParameterEncoder.swift */; };
		526BB39F246700B700D90874 /* GoogleService-Info.plist in Resources */ = {isa = PBXBuildFile; fileRef = 526BB39E246700B700D90874 /* GoogleService-Info.plist */; };
		52920A5D248D402600F3A297 /* Provider.swift in Sources */ = {isa = PBXBuildFile; fileRef = 52920A5C248D402600F3A297 /* Provider.swift */; };
		52D4A55423E3B42800F1BA31 /* WebScraping.swift in Sources */ = {isa = PBXBuildFile; fileRef = 52D4A55323E3B42800F1BA31 /* WebScraping.swift */; };
		52E5E51C23DFABFE00D5473F /* HUD.swift in Sources */ = {isa = PBXBuildFile; fileRef = 52E5E51B23DFABFE00D5473F /* HUD.swift */; };
		8C52EBAF1268A0747520EF19 /* Pods_HoroscopoTests.framework in Frameworks */ = {isa = PBXBuildFile; fileRef = 2954C9D7356766292CD3FFAD /* Pods_HoroscopoTests.framework */; };
		8CE8F3080AE8CB155D275214 /* Pods_Horoscopo.framework in Frameworks */ = {isa = PBXBuildFile; fileRef = D7EDCF8D2E6AAC679F3FCD09 /* Pods_Horoscopo.framework */; };
/* End PBXBuildFile section */

/* Begin PBXContainerItemProxy section */
		521E52F823D7B4BA005FC42F /* PBXContainerItemProxy */ = {
			isa = PBXContainerItemProxy;
			containerPortal = 521E52D923D7B4B9005FC42F /* Project object */;
			proxyType = 1;
			remoteGlobalIDString = 521E52E023D7B4B9005FC42F;
			remoteInfo = Horoscopo;
		};
/* End PBXContainerItemProxy section */

/* Begin PBXFileReference section */
		18E3B0F76E4A2CE1F362AADE /* Pods-Horoscopo.debug.xcconfig */ = {isa = PBXFileReference; includeInIndex = 1; lastKnownFileType = text.xcconfig; name = "Pods-Horoscopo.debug.xcconfig"; path = "Target Support Files/Pods-Horoscopo/Pods-Horoscopo.debug.xcconfig"; sourceTree = "<group>"; };
		28E52C3909E97A2ED23C8C7F /* Pods-HoroscopoTests.debug.xcconfig */ = {isa = PBXFileReference; includeInIndex = 1; lastKnownFileType = text.xcconfig; name = "Pods-HoroscopoTests.debug.xcconfig"; path = "Target Support Files/Pods-HoroscopoTests/Pods-HoroscopoTests.debug.xcconfig"; sourceTree = "<group>"; };
		2954C9D7356766292CD3FFAD /* Pods_HoroscopoTests.framework */ = {isa = PBXFileReference; explicitFileType = wrapper.framework; includeInIndex = 0; path = Pods_HoroscopoTests.framework; sourceTree = BUILT_PRODUCTS_DIR; };
		520D390323E629D1002F57E4 /* SignWebScrapAPI.swift */ = {isa = PBXFileReference; lastKnownFileType = sourcecode.swift; path = SignWebScrapAPI.swift; sourceTree = "<group>"; };
		520D390523E62E89002F57E4 /* SignScrapService.swift */ = {isa = PBXFileReference; lastKnownFileType = sourcecode.swift; path = SignScrapService.swift; sourceTree = "<group>"; };
		521E52E123D7B4B9005FC42F /* Horoscopo.app */ = {isa = PBXFileReference; explicitFileType = wrapper.application; includeInIndex = 0; path = Horoscopo.app; sourceTree = BUILT_PRODUCTS_DIR; };
		521E52E423D7B4B9005FC42F /* AppDelegate.swift */ = {isa = PBXFileReference; lastKnownFileType = sourcecode.swift; path = AppDelegate.swift; sourceTree = "<group>"; };
		521E52EA23D7B4BA005FC42F /* Assets.xcassets */ = {isa = PBXFileReference; lastKnownFileType = folder.assetcatalog; path = Assets.xcassets; sourceTree = "<group>"; };
		521E52ED23D7B4BA005FC42F /* Preview Assets.xcassets */ = {isa = PBXFileReference; lastKnownFileType = folder.assetcatalog; path = "Preview Assets.xcassets"; sourceTree = "<group>"; };
		521E52F023D7B4BA005FC42F /* Base */ = {isa = PBXFileReference; lastKnownFileType = file.storyboard; name = Base; path = Base.lproj/LaunchScreen.storyboard; sourceTree = "<group>"; };
		521E52F223D7B4BA005FC42F /* Info.plist */ = {isa = PBXFileReference; lastKnownFileType = text.plist.xml; path = Info.plist; sourceTree = "<group>"; };
		521E52F723D7B4BA005FC42F /* HoroscopoTests.xctest */ = {isa = PBXFileReference; explicitFileType = wrapper.cfbundle; includeInIndex = 0; path = HoroscopoTests.xctest; sourceTree = BUILT_PRODUCTS_DIR; };
		521E52FB23D7B4BA005FC42F /* HoroscopoTests.swift */ = {isa = PBXFileReference; lastKnownFileType = sourcecode.swift; path = HoroscopoTests.swift; sourceTree = "<group>"; };
		521E52FD23D7B4BA005FC42F /* Info.plist */ = {isa = PBXFileReference; lastKnownFileType = text.plist.xml; path = Info.plist; sourceTree = "<group>"; };
		521E531923D7B84F005FC42F /* HomeCoordinatorDelegate.swift */ = {isa = PBXFileReference; fileEncoding = 4; lastKnownFileType = sourcecode.swift; path = HomeCoordinatorDelegate.swift; sourceTree = "<group>"; };
		521E531A23D7B84F005FC42F /* HomeCoordinator.swift */ = {isa = PBXFileReference; fileEncoding = 4; lastKnownFileType = sourcecode.swift; path = HomeCoordinator.swift; sourceTree = "<group>"; };
		521E531F23D7B890005FC42F /* HomeViewController.xib */ = {isa = PBXFileReference; fileEncoding = 4; lastKnownFileType = file.xib; path = HomeViewController.xib; sourceTree = "<group>"; };
		521E532023D7B890005FC42F /* HomeViewController.swift */ = {isa = PBXFileReference; fileEncoding = 4; lastKnownFileType = sourcecode.swift; path = HomeViewController.swift; sourceTree = "<group>"; };
		521E532423D7B8A4005FC42F /* HomeViewModel.swift */ = {isa = PBXFileReference; fileEncoding = 4; lastKnownFileType = sourcecode.swift; path = HomeViewModel.swift; sourceTree = "<group>"; };
		521E532823D7B8D5005FC42F /* CustomTextField.swift */ = {isa = PBXFileReference; fileEncoding = 4; lastKnownFileType = sourcecode.swift; path = CustomTextField.swift; sourceTree = "<group>"; };
		521E532923D7B8D5005FC42F /* CustomButton.swift */ = {isa = PBXFileReference; fileEncoding = 4; lastKnownFileType = sourcecode.swift; path = CustomButton.swift; sourceTree = "<group>"; };
		521E532E23D7B8E8005FC42F /* Coordinator.swift */ = {isa = PBXFileReference; fileEncoding = 4; lastKnownFileType = sourcecode.swift; path = Coordinator.swift; sourceTree = "<group>"; };
		521E532F23D7B8E8005FC42F /* BaseCoordinator.swift */ = {isa = PBXFileReference; fileEncoding = 4; lastKnownFileType = sourcecode.swift; path = BaseCoordinator.swift; sourceTree = "<group>"; };
		521E533023D7B8E8005FC42F /* AppCoordinator.swift */ = {isa = PBXFileReference; fileEncoding = 4; lastKnownFileType = sourcecode.swift; path = AppCoordinator.swift; sourceTree = "<group>"; };
		521E533523D7B8F7005FC42F /* UIColor+Utils.swift */ = {isa = PBXFileReference; fileEncoding = 4; lastKnownFileType = sourcecode.swift; path = "UIColor+Utils.swift"; sourceTree = "<group>"; };
		521E533723D7BE19005FC42F /* SignImageCell.swift */ = {isa = PBXFileReference; lastKnownFileType = sourcecode.swift; path = SignImageCell.swift; sourceTree = "<group>"; };
		521E533823D7BE19005FC42F /* SignImageCell.xib */ = {isa = PBXFileReference; lastKnownFileType = file.xib; path = SignImageCell.xib; sourceTree = "<group>"; };
		524EF4E323D8B00C00A8F8ED /* PulseAnimation.swift */ = {isa = PBXFileReference; lastKnownFileType = sourcecode.swift; path = PulseAnimation.swift; sourceTree = "<group>"; };
		525F98D023DB2C750087BE65 /* SignDetailsViewController.swift */ = {isa = PBXFileReference; lastKnownFileType = sourcecode.swift; path = SignDetailsViewController.swift; sourceTree = "<group>"; };
		525F98D123DB2C750087BE65 /* SignDetailsViewController.xib */ = {isa = PBXFileReference; lastKnownFileType = file.xib; path = SignDetailsViewController.xib; sourceTree = "<group>"; };
		525F98D423DB31440087BE65 /* SignDetailsViewModel.swift */ = {isa = PBXFileReference; lastKnownFileType = sourcecode.swift; path = SignDetailsViewModel.swift; sourceTree = "<group>"; };
		525F98D723DB317C0087BE65 /* SignDetailsModel.swift */ = {isa = PBXFileReference; lastKnownFileType = sourcecode.swift; path = SignDetailsModel.swift; sourceTree = "<group>"; };
		525F98DA23DB505C0087BE65 /* ServiceProtocol.swift */ = {isa = PBXFileReference; lastKnownFileType = sourcecode.swift; path = ServiceProtocol.swift; sourceTree = "<group>"; };
		525F98DC23DB50880087BE65 /* ServiceProvider.swift */ = {isa = PBXFileReference; lastKnownFileType = sourcecode.swift; path = ServiceProvider.swift; sourceTree = "<group>"; };
		525F98DF23DB50AC0087BE65 /* ServiceError.swift */ = {isa = PBXFileReference; lastKnownFileType = sourcecode.swift; path = ServiceError.swift; sourceTree = "<group>"; };
		525F98E123DB50C90087BE65 /* ParameterEncoder.swift */ = {isa = PBXFileReference; lastKnownFileType = sourcecode.swift; path = ParameterEncoder.swift; sourceTree = "<group>"; };
		526BB39E246700B700D90874 /* GoogleService-Info.plist */ = {isa = PBXFileReference; fileEncoding = 4; lastKnownFileType = text.plist.xml; path = "GoogleService-Info.plist"; sourceTree = "<group>"; };
		52920A5C248D402600F3A297 /* Provider.swift */ = {isa = PBXFileReference; lastKnownFileType = sourcecode.swift; path = Provider.swift; sourceTree = "<group>"; };
		52D4A55323E3B42800F1BA31 /* WebScraping.swift */ = {isa = PBXFileReference; lastKnownFileType = sourcecode.swift; path = WebScraping.swift; sourceTree = "<group>"; };
		52E5E51B23DFABFE00D5473F /* HUD.swift */ = {isa = PBXFileReference; lastKnownFileType = sourcecode.swift; path = HUD.swift; sourceTree = "<group>"; };
		D7EDCF8D2E6AAC679F3FCD09 /* Pods_Horoscopo.framework */ = {isa = PBXFileReference; explicitFileType = wrapper.framework; includeInIndex = 0; path = Pods_Horoscopo.framework; sourceTree = BUILT_PRODUCTS_DIR; };
		E64B29999D0E86306B5DEDCF /* Pods-Horoscopo.release.xcconfig */ = {isa = PBXFileReference; includeInIndex = 1; lastKnownFileType = text.xcconfig; name = "Pods-Horoscopo.release.xcconfig"; path = "Target Support Files/Pods-Horoscopo/Pods-Horoscopo.release.xcconfig"; sourceTree = "<group>"; };
		F15E3ED81ADAEE6104A2A1EE /* Pods-HoroscopoTests.release.xcconfig */ = {isa = PBXFileReference; includeInIndex = 1; lastKnownFileType = text.xcconfig; name = "Pods-HoroscopoTests.release.xcconfig"; path = "Target Support Files/Pods-HoroscopoTests/Pods-HoroscopoTests.release.xcconfig"; sourceTree = "<group>"; };
/* End PBXFileReference section */

/* Begin PBXFrameworksBuildPhase section */
		521E52DE23D7B4B9005FC42F /* Frameworks */ = {
			isa = PBXFrameworksBuildPhase;
			buildActionMask = 2147483647;
			files = (
				8CE8F3080AE8CB155D275214 /* Pods_Horoscopo.framework in Frameworks */,
			);
			runOnlyForDeploymentPostprocessing = 0;
		};
		521E52F423D7B4BA005FC42F /* Frameworks */ = {
			isa = PBXFrameworksBuildPhase;
			buildActionMask = 2147483647;
			files = (
				8C52EBAF1268A0747520EF19 /* Pods_HoroscopoTests.framework in Frameworks */,
			);
			runOnlyForDeploymentPostprocessing = 0;
		};
/* End PBXFrameworksBuildPhase section */

/* Begin PBXGroup section */
		521E52D823D7B4B9005FC42F = {
			isa = PBXGroup;
			children = (
				521E52E323D7B4B9005FC42F /* Horoscopo */,
				521E52FA23D7B4BA005FC42F /* HoroscopoTests */,
				521E52E223D7B4B9005FC42F /* Products */,
				CC35A8BBC67EA4E7107FAF0E /* Pods */,
				D0B810F8133A11D3D707958F /* Frameworks */,
			);
			sourceTree = "<group>";
		};
		521E52E223D7B4B9005FC42F /* Products */ = {
			isa = PBXGroup;
			children = (
				521E52E123D7B4B9005FC42F /* Horoscopo.app */,
				521E52F723D7B4BA005FC42F /* HoroscopoTests.xctest */,
			);
			name = Products;
			sourceTree = "<group>";
		};
		521E52E323D7B4B9005FC42F /* Horoscopo */ = {
			isa = PBXGroup;
			children = (
				526BB39E246700B700D90874 /* GoogleService-Info.plist */,
				521E532623D7B8C0005FC42F /* Helper */,
				521E530823D7B6C2005FC42F /* Sections */,
				521E52E423D7B4B9005FC42F /* AppDelegate.swift */,
				521E52EA23D7B4BA005FC42F /* Assets.xcassets */,
				521E52EF23D7B4BA005FC42F /* LaunchScreen.storyboard */,
				521E52F223D7B4BA005FC42F /* Info.plist */,
				521E52EC23D7B4BA005FC42F /* Preview Content */,
			);
			path = Horoscopo;
			sourceTree = "<group>";
		};
		521E52EC23D7B4BA005FC42F /* Preview Content */ = {
			isa = PBXGroup;
			children = (
				521E52ED23D7B4BA005FC42F /* Preview Assets.xcassets */,
			);
			path = "Preview Content";
			sourceTree = "<group>";
		};
		521E52FA23D7B4BA005FC42F /* HoroscopoTests */ = {
			isa = PBXGroup;
			children = (
				521E52FB23D7B4BA005FC42F /* HoroscopoTests.swift */,
				521E52FD23D7B4BA005FC42F /* Info.plist */,
			);
			path = HoroscopoTests;
			sourceTree = "<group>";
		};
		521E530823D7B6C2005FC42F /* Sections */ = {
			isa = PBXGroup;
			children = (
				525F98E323DB50F40087BE65 /* Network */,
				525F98CD23DB2A560087BE65 /* Details */,
				521E530923D7B6D3005FC42F /* Home */,
			);
			path = Sections;
			sourceTree = "<group>";
		};
		521E530923D7B6D3005FC42F /* Home */ = {
			isa = PBXGroup;
			children = (
				521E531823D7B83B005FC42F /* Coordinator */,
				521E531D23D7B87E005FC42F /* Model */,
				521E531E23D7B888005FC42F /* View */,
				521E532323D7B89C005FC42F /* ViewModel */,
			);
			path = Home;
			sourceTree = "<group>";
		};
		521E531823D7B83B005FC42F /* Coordinator */ = {
			isa = PBXGroup;
			children = (
				521E531A23D7B84F005FC42F /* HomeCoordinator.swift */,
				521E531923D7B84F005FC42F /* HomeCoordinatorDelegate.swift */,
			);
			path = Coordinator;
			sourceTree = "<group>";
		};
		521E531D23D7B87E005FC42F /* Model */ = {
			isa = PBXGroup;
			children = (
			);
			path = Model;
			sourceTree = "<group>";
		};
		521E531E23D7B888005FC42F /* View */ = {
			isa = PBXGroup;
			children = (
				521E533723D7BE19005FC42F /* SignImageCell.swift */,
				521E533823D7BE19005FC42F /* SignImageCell.xib */,
				521E532023D7B890005FC42F /* HomeViewController.swift */,
				521E531F23D7B890005FC42F /* HomeViewController.xib */,
			);
			path = View;
			sourceTree = "<group>";
		};
		521E532323D7B89C005FC42F /* ViewModel */ = {
			isa = PBXGroup;
			children = (
				521E532423D7B8A4005FC42F /* HomeViewModel.swift */,
			);
			path = ViewModel;
			sourceTree = "<group>";
		};
		521E532623D7B8C0005FC42F /* Helper */ = {
			isa = PBXGroup;
			children = (
				525F98D923DB503A0087BE65 /* Network */,
				521E533423D7B8EF005FC42F /* Utils */,
				521E532C23D7B8D9005FC42F /* Protocols */,
				521E532723D7B8CE005FC42F /* Components */,
			);
			path = Helper;
			sourceTree = "<group>";
		};
		521E532723D7B8CE005FC42F /* Components */ = {
			isa = PBXGroup;
			children = (
				521E532923D7B8D5005FC42F /* CustomButton.swift */,
				521E532823D7B8D5005FC42F /* CustomTextField.swift */,
				524EF4E323D8B00C00A8F8ED /* PulseAnimation.swift */,
			);
			path = Components;
			sourceTree = "<group>";
		};
		521E532C23D7B8D9005FC42F /* Protocols */ = {
			isa = PBXGroup;
			children = (
				521E532D23D7B8E0005FC42F /* Coordinators */,
			);
			path = Protocols;
			sourceTree = "<group>";
		};
		521E532D23D7B8E0005FC42F /* Coordinators */ = {
			isa = PBXGroup;
			children = (
				521E533023D7B8E8005FC42F /* AppCoordinator.swift */,
				521E532F23D7B8E8005FC42F /* BaseCoordinator.swift */,
				521E532E23D7B8E8005FC42F /* Coordinator.swift */,
			);
			path = Coordinators;
			sourceTree = "<group>";
		};
		521E533423D7B8EF005FC42F /* Utils */ = {
			isa = PBXGroup;
			children = (
				521E533523D7B8F7005FC42F /* UIColor+Utils.swift */,
				52E5E51B23DFABFE00D5473F /* HUD.swift */,
				52D4A55323E3B42800F1BA31 /* WebScraping.swift */,
			);
			path = Utils;
			sourceTree = "<group>";
		};
		525F98CD23DB2A560087BE65 /* Details */ = {
			isa = PBXGroup;
			children = (
				525F98E623DB52E90087BE65 /* Network */,
				525F98D623DB316A0087BE65 /* Model */,
				525F98CE23DB2A8D0087BE65 /* View */,
				525F98CF23DB2A980087BE65 /* ViewModel */,
			);
			path = Details;
			sourceTree = "<group>";
		};
		525F98CE23DB2A8D0087BE65 /* View */ = {
			isa = PBXGroup;
			children = (
				525F98D023DB2C750087BE65 /* SignDetailsViewController.swift */,
				525F98D123DB2C750087BE65 /* SignDetailsViewController.xib */,
			);
			path = View;
			sourceTree = "<group>";
		};
		525F98CF23DB2A980087BE65 /* ViewModel */ = {
			isa = PBXGroup;
			children = (
				525F98D423DB31440087BE65 /* SignDetailsViewModel.swift */,
			);
			path = ViewModel;
			sourceTree = "<group>";
		};
		525F98D623DB316A0087BE65 /* Model */ = {
			isa = PBXGroup;
			children = (
				525F98D723DB317C0087BE65 /* SignDetailsModel.swift */,
			);
			path = Model;
			sourceTree = "<group>";
		};
		525F98D923DB503A0087BE65 /* Network */ = {
			isa = PBXGroup;
			children = (
				525F98DE23DB50960087BE65 /* Encoder */,
				525F98DA23DB505C0087BE65 /* ServiceProtocol.swift */,
				525F98DC23DB50880087BE65 /* ServiceProvider.swift */,
				52920A5C248D402600F3A297 /* Provider.swift */,
			);
			path = Network;
			sourceTree = "<group>";
		};
		525F98DE23DB50960087BE65 /* Encoder */ = {
			isa = PBXGroup;
			children = (
				525F98DF23DB50AC0087BE65 /* ServiceError.swift */,
				525F98E123DB50C90087BE65 /* ParameterEncoder.swift */,
			);
			path = Encoder;
			sourceTree = "<group>";
		};
		525F98E323DB50F40087BE65 /* Network */ = {
			isa = PBXGroup;
			children = (
				520D390323E629D1002F57E4 /* SignWebScrapAPI.swift */,
			);
			path = Network;
			sourceTree = "<group>";
		};
		525F98E623DB52E90087BE65 /* Network */ = {
			isa = PBXGroup;
			children = (
				520D390523E62E89002F57E4 /* SignScrapService.swift */,
			);
			path = Network;
			sourceTree = "<group>";
		};
		CC35A8BBC67EA4E7107FAF0E /* Pods */ = {
			isa = PBXGroup;
			children = (
				18E3B0F76E4A2CE1F362AADE /* Pods-Horoscopo.debug.xcconfig */,
				E64B29999D0E86306B5DEDCF /* Pods-Horoscopo.release.xcconfig */,
				28E52C3909E97A2ED23C8C7F /* Pods-HoroscopoTests.debug.xcconfig */,
				F15E3ED81ADAEE6104A2A1EE /* Pods-HoroscopoTests.release.xcconfig */,
			);
			path = Pods;
			sourceTree = "<group>";
		};
		D0B810F8133A11D3D707958F /* Frameworks */ = {
			isa = PBXGroup;
			children = (
				D7EDCF8D2E6AAC679F3FCD09 /* Pods_Horoscopo.framework */,
				2954C9D7356766292CD3FFAD /* Pods_HoroscopoTests.framework */,
			);
			name = Frameworks;
			sourceTree = "<group>";
		};
/* End PBXGroup section */

/* Begin PBXNativeTarget section */
		521E52E023D7B4B9005FC42F /* Horoscopo */ = {
			isa = PBXNativeTarget;
			buildConfigurationList = 521E530023D7B4BA005FC42F /* Build configuration list for PBXNativeTarget "Horoscopo" */;
			buildPhases = (
				32AF045822A71E7F8768186E /* [CP] Check Pods Manifest.lock */,
				521E52DD23D7B4B9005FC42F /* Sources */,
				521E52DE23D7B4B9005FC42F /* Frameworks */,
				521E52DF23D7B4B9005FC42F /* Resources */,
				AE308C55338CF08718CBE01A /* [CP] Embed Pods Frameworks */,
			);
			buildRules = (
			);
			dependencies = (
			);
			name = Horoscopo;
			productName = Horoscopo;
			productReference = 521E52E123D7B4B9005FC42F /* Horoscopo.app */;
			productType = "com.apple.product-type.application";
		};
		521E52F623D7B4BA005FC42F /* HoroscopoTests */ = {
			isa = PBXNativeTarget;
			buildConfigurationList = 521E530323D7B4BA005FC42F /* Build configuration list for PBXNativeTarget "HoroscopoTests" */;
			buildPhases = (
				C8D9ABB74E46E1921BFE5B40 /* [CP] Check Pods Manifest.lock */,
				521E52F323D7B4BA005FC42F /* Sources */,
				521E52F423D7B4BA005FC42F /* Frameworks */,
				521E52F523D7B4BA005FC42F /* Resources */,
			);
			buildRules = (
			);
			dependencies = (
				521E52F923D7B4BA005FC42F /* PBXTargetDependency */,
			);
			name = HoroscopoTests;
			productName = HoroscopoTests;
			productReference = 521E52F723D7B4BA005FC42F /* HoroscopoTests.xctest */;
			productType = "com.apple.product-type.bundle.unit-test";
		};
/* End PBXNativeTarget section */

/* Begin PBXProject section */
		521E52D923D7B4B9005FC42F /* Project object */ = {
			isa = PBXProject;
			attributes = {
				LastSwiftUpdateCheck = 1130;
				LastUpgradeCheck = 1130;
				ORGANIZATIONNAME = "Tiago Oliveira";
				TargetAttributes = {
					521E52E023D7B4B9005FC42F = {
						CreatedOnToolsVersion = 11.3;
					};
					521E52F623D7B4BA005FC42F = {
						CreatedOnToolsVersion = 11.3;
						TestTargetID = 521E52E023D7B4B9005FC42F;
					};
				};
			};
			buildConfigurationList = 521E52DC23D7B4B9005FC42F /* Build configuration list for PBXProject "Horoscopo" */;
			compatibilityVersion = "Xcode 9.3";
			developmentRegion = en;
			hasScannedForEncodings = 0;
			knownRegions = (
				en,
				Base,
			);
			mainGroup = 521E52D823D7B4B9005FC42F;
			productRefGroup = 521E52E223D7B4B9005FC42F /* Products */;
			projectDirPath = "";
			projectRoot = "";
			targets = (
				521E52E023D7B4B9005FC42F /* Horoscopo */,
				521E52F623D7B4BA005FC42F /* HoroscopoTests */,
			);
		};
/* End PBXProject section */

/* Begin PBXResourcesBuildPhase section */
		521E52DF23D7B4B9005FC42F /* Resources */ = {
			isa = PBXResourcesBuildPhase;
			buildActionMask = 2147483647;
			files = (
				525F98D323DB2C750087BE65 /* SignDetailsViewController.xib in Resources */,
				521E52F123D7B4BA005FC42F /* LaunchScreen.storyboard in Resources */,
				521E52EE23D7B4BA005FC42F /* Preview Assets.xcassets in Resources */,
				521E52EB23D7B4BA005FC42F /* Assets.xcassets in Resources */,
				521E532123D7B890005FC42F /* HomeViewController.xib in Resources */,
				521E533A23D7BE19005FC42F /* SignImageCell.xib in Resources */,
				526BB39F246700B700D90874 /* GoogleService-Info.plist in Resources */,
			);
			runOnlyForDeploymentPostprocessing = 0;
		};
		521E52F523D7B4BA005FC42F /* Resources */ = {
			isa = PBXResourcesBuildPhase;
			buildActionMask = 2147483647;
			files = (
			);
			runOnlyForDeploymentPostprocessing = 0;
		};
/* End PBXResourcesBuildPhase section */

/* Begin PBXShellScriptBuildPhase section */
		32AF045822A71E7F8768186E /* [CP] Check Pods Manifest.lock */ = {
			isa = PBXShellScriptBuildPhase;
			buildActionMask = 2147483647;
			files = (
			);
			inputFileListPaths = (
			);
			inputPaths = (
				"${PODS_PODFILE_DIR_PATH}/Podfile.lock",
				"${PODS_ROOT}/Manifest.lock",
			);
			name = "[CP] Check Pods Manifest.lock";
			outputFileListPaths = (
			);
			outputPaths = (
				"$(DERIVED_FILE_DIR)/Pods-Horoscopo-checkManifestLockResult.txt",
			);
			runOnlyForDeploymentPostprocessing = 0;
			shellPath = /bin/sh;
			shellScript = "diff \"${PODS_PODFILE_DIR_PATH}/Podfile.lock\" \"${PODS_ROOT}/Manifest.lock\" > /dev/null\nif [ $? != 0 ] ; then\n    # print error to STDERR\n    echo \"error: The sandbox is not in sync with the Podfile.lock. Run 'pod install' or update your CocoaPods installation.\" >&2\n    exit 1\nfi\n# This output is used by Xcode 'outputs' to avoid re-running this script phase.\necho \"SUCCESS\" > \"${SCRIPT_OUTPUT_FILE_0}\"\n";
			showEnvVarsInLog = 0;
		};
		AE308C55338CF08718CBE01A /* [CP] Embed Pods Frameworks */ = {
			isa = PBXShellScriptBuildPhase;
			buildActionMask = 2147483647;
			files = (
			);
			inputFileListPaths = (
				"${PODS_ROOT}/Target Support Files/Pods-Horoscopo/Pods-Horoscopo-frameworks-${CONFIGURATION}-input-files.xcfilelist",
			);
			name = "[CP] Embed Pods Frameworks";
			outputFileListPaths = (
				"${PODS_ROOT}/Target Support Files/Pods-Horoscopo/Pods-Horoscopo-frameworks-${CONFIGURATION}-output-files.xcfilelist",
			);
			runOnlyForDeploymentPostprocessing = 0;
			shellPath = /bin/sh;
			shellScript = "\"${PODS_ROOT}/Target Support Files/Pods-Horoscopo/Pods-Horoscopo-frameworks.sh\"\n";
			showEnvVarsInLog = 0;
		};
		C8D9ABB74E46E1921BFE5B40 /* [CP] Check Pods Manifest.lock */ = {
			isa = PBXShellScriptBuildPhase;
			buildActionMask = 2147483647;
			files = (
			);
			inputFileListPaths = (
			);
			inputPaths = (
				"${PODS_PODFILE_DIR_PATH}/Podfile.lock",
				"${PODS_ROOT}/Manifest.lock",
			);
			name = "[CP] Check Pods Manifest.lock";
			outputFileListPaths = (
			);
			outputPaths = (
				"$(DERIVED_FILE_DIR)/Pods-HoroscopoTests-checkManifestLockResult.txt",
			);
			runOnlyForDeploymentPostprocessing = 0;
			shellPath = /bin/sh;
			shellScript = "diff \"${PODS_PODFILE_DIR_PATH}/Podfile.lock\" \"${PODS_ROOT}/Manifest.lock\" > /dev/null\nif [ $? != 0 ] ; then\n    # print error to STDERR\n    echo \"error: The sandbox is not in sync with the Podfile.lock. Run 'pod install' or update your CocoaPods installation.\" >&2\n    exit 1\nfi\n# This output is used by Xcode 'outputs' to avoid re-running this script phase.\necho \"SUCCESS\" > \"${SCRIPT_OUTPUT_FILE_0}\"\n";
			showEnvVarsInLog = 0;
		};
/* End PBXShellScriptBuildPhase section */

/* Begin PBXSourcesBuildPhase section */
		521E52DD23D7B4B9005FC42F /* Sources */ = {
			isa = PBXSourcesBuildPhase;
			buildActionMask = 2147483647;
			files = (
				525F98D223DB2C750087BE65 /* SignDetailsViewController.swift in Sources */,
				521E533323D7B8E8005FC42F /* AppCoordinator.swift in Sources */,
				525F98DB23DB505C0087BE65 /* ServiceProtocol.swift in Sources */,
				521E531B23D7B84F005FC42F /* HomeCoordinatorDelegate.swift in Sources */,
				521E52E523D7B4B9005FC42F /* AppDelegate.swift in Sources */,
				521E533123D7B8E8005FC42F /* Coordinator.swift in Sources */,
				525F98E223DB50C90087BE65 /* ParameterEncoder.swift in Sources */,
				521E532B23D7B8D5005FC42F /* CustomButton.swift in Sources */,
				52920A5D248D402600F3A297 /* Provider.swift in Sources */,
				520D390623E62E89002F57E4 /* SignScrapService.swift in Sources */,
				521E532523D7B8A4005FC42F /* HomeViewModel.swift in Sources */,
				521E531C23D7B84F005FC42F /* HomeCoordinator.swift in Sources */,
				521E532A23D7B8D5005FC42F /* CustomTextField.swift in Sources */,
				521E533923D7BE19005FC42F /* SignImageCell.swift in Sources */,
				525F98D823DB317C0087BE65 /* SignDetailsModel.swift in Sources */,
				525F98E023DB50AC0087BE65 /* ServiceError.swift in Sources */,
				521E533223D7B8E8005FC42F /* BaseCoordinator.swift in Sources */,
				520D390423E629D1002F57E4 /* SignWebScrapAPI.swift in Sources */,
				52D4A55423E3B42800F1BA31 /* WebScraping.swift in Sources */,
				525F98D523DB31440087BE65 /* SignDetailsViewModel.swift in Sources */,
				525F98DD23DB50880087BE65 /* ServiceProvider.swift in Sources */,
				521E533623D7B8F7005FC42F /* UIColor+Utils.swift in Sources */,
				524EF4E423D8B00C00A8F8ED /* PulseAnimation.swift in Sources */,
				52E5E51C23DFABFE00D5473F /* HUD.swift in Sources */,
				521E532223D7B890005FC42F /* HomeViewController.swift in Sources */,
			);
			runOnlyForDeploymentPostprocessing = 0;
		};
		521E52F323D7B4BA005FC42F /* Sources */ = {
			isa = PBXSourcesBuildPhase;
			buildActionMask = 2147483647;
			files = (
				521E52FC23D7B4BA005FC42F /* HoroscopoTests.swift in Sources */,
			);
			runOnlyForDeploymentPostprocessing = 0;
		};
/* End PBXSourcesBuildPhase section */

/* Begin PBXTargetDependency section */
		521E52F923D7B4BA005FC42F /* PBXTargetDependency */ = {
			isa = PBXTargetDependency;
			target = 521E52E023D7B4B9005FC42F /* Horoscopo */;
			targetProxy = 521E52F823D7B4BA005FC42F /* PBXContainerItemProxy */;
		};
/* End PBXTargetDependency section */

/* Begin PBXVariantGroup section */
		521E52EF23D7B4BA005FC42F /* LaunchScreen.storyboard */ = {
			isa = PBXVariantGroup;
			children = (
				521E52F023D7B4BA005FC42F /* Base */,
			);
			name = LaunchScreen.storyboard;
			sourceTree = "<group>";
		};
/* End PBXVariantGroup section */

/* Begin XCBuildConfiguration section */
		521E52FE23D7B4BA005FC42F /* Debug */ = {
			isa = XCBuildConfiguration;
			buildSettings = {
				ALWAYS_SEARCH_USER_PATHS = NO;
				CLANG_ANALYZER_NONNULL = YES;
				CLANG_ANALYZER_NUMBER_OBJECT_CONVERSION = YES_AGGRESSIVE;
				CLANG_CXX_LANGUAGE_STANDARD = "gnu++14";
				CLANG_CXX_LIBRARY = "libc++";
				CLANG_ENABLE_MODULES = YES;
				CLANG_ENABLE_OBJC_ARC = YES;
				CLANG_ENABLE_OBJC_WEAK = YES;
				CLANG_WARN_BLOCK_CAPTURE_AUTORELEASING = YES;
				CLANG_WARN_BOOL_CONVERSION = YES;
				CLANG_WARN_COMMA = YES;
				CLANG_WARN_CONSTANT_CONVERSION = YES;
				CLANG_WARN_DEPRECATED_OBJC_IMPLEMENTATIONS = YES;
				CLANG_WARN_DIRECT_OBJC_ISA_USAGE = YES_ERROR;
				CLANG_WARN_DOCUMENTATION_COMMENTS = YES;
				CLANG_WARN_EMPTY_BODY = YES;
				CLANG_WARN_ENUM_CONVERSION = YES;
				CLANG_WARN_INFINITE_RECURSION = YES;
				CLANG_WARN_INT_CONVERSION = YES;
				CLANG_WARN_NON_LITERAL_NULL_CONVERSION = YES;
				CLANG_WARN_OBJC_IMPLICIT_RETAIN_SELF = YES;
				CLANG_WARN_OBJC_LITERAL_CONVERSION = YES;
				CLANG_WARN_OBJC_ROOT_CLASS = YES_ERROR;
				CLANG_WARN_RANGE_LOOP_ANALYSIS = YES;
				CLANG_WARN_STRICT_PROTOTYPES = YES;
				CLANG_WARN_SUSPICIOUS_MOVE = YES;
				CLANG_WARN_UNGUARDED_AVAILABILITY = YES_AGGRESSIVE;
				CLANG_WARN_UNREACHABLE_CODE = YES;
				CLANG_WARN__DUPLICATE_METHOD_MATCH = YES;
				COPY_PHASE_STRIP = NO;
				DEBUG_INFORMATION_FORMAT = dwarf;
				ENABLE_STRICT_OBJC_MSGSEND = YES;
				ENABLE_TESTABILITY = YES;
				GCC_C_LANGUAGE_STANDARD = gnu11;
				GCC_DYNAMIC_NO_PIC = NO;
				GCC_NO_COMMON_BLOCKS = YES;
				GCC_OPTIMIZATION_LEVEL = 0;
				GCC_PREPROCESSOR_DEFINITIONS = (
					"DEBUG=1",
					"$(inherited)",
				);
				GCC_WARN_64_TO_32_BIT_CONVERSION = YES;
				GCC_WARN_ABOUT_RETURN_TYPE = YES_ERROR;
				GCC_WARN_UNDECLARED_SELECTOR = YES;
				GCC_WARN_UNINITIALIZED_AUTOS = YES_AGGRESSIVE;
				GCC_WARN_UNUSED_FUNCTION = YES;
				GCC_WARN_UNUSED_VARIABLE = YES;
				IPHONEOS_DEPLOYMENT_TARGET = 13.2;
				MTL_ENABLE_DEBUG_INFO = INCLUDE_SOURCE;
				MTL_FAST_MATH = YES;
				ONLY_ACTIVE_ARCH = YES;
				SDKROOT = iphoneos;
				SWIFT_ACTIVE_COMPILATION_CONDITIONS = DEBUG;
				SWIFT_OPTIMIZATION_LEVEL = "-Onone";
			};
			name = Debug;
		};
		521E52FF23D7B4BA005FC42F /* Release */ = {
			isa = XCBuildConfiguration;
			buildSettings = {
				ALWAYS_SEARCH_USER_PATHS = NO;
				CLANG_ANALYZER_NONNULL = YES;
				CLANG_ANALYZER_NUMBER_OBJECT_CONVERSION = YES_AGGRESSIVE;
				CLANG_CXX_LANGUAGE_STANDARD = "gnu++14";
				CLANG_CXX_LIBRARY = "libc++";
				CLANG_ENABLE_MODULES = YES;
				CLANG_ENABLE_OBJC_ARC = YES;
				CLANG_ENABLE_OBJC_WEAK = YES;
				CLANG_WARN_BLOCK_CAPTURE_AUTORELEASING = YES;
				CLANG_WARN_BOOL_CONVERSION = YES;
				CLANG_WARN_COMMA = YES;
				CLANG_WARN_CONSTANT_CONVERSION = YES;
				CLANG_WARN_DEPRECATED_OBJC_IMPLEMENTATIONS = YES;
				CLANG_WARN_DIRECT_OBJC_ISA_USAGE = YES_ERROR;
				CLANG_WARN_DOCUMENTATION_COMMENTS = YES;
				CLANG_WARN_EMPTY_BODY = YES;
				CLANG_WARN_ENUM_CONVERSION = YES;
				CLANG_WARN_INFINITE_RECURSION = YES;
				CLANG_WARN_INT_CONVERSION = YES;
				CLANG_WARN_NON_LITERAL_NULL_CONVERSION = YES;
				CLANG_WARN_OBJC_IMPLICIT_RETAIN_SELF = YES;
				CLANG_WARN_OBJC_LITERAL_CONVERSION = YES;
				CLANG_WARN_OBJC_ROOT_CLASS = YES_ERROR;
				CLANG_WARN_RANGE_LOOP_ANALYSIS = YES;
				CLANG_WARN_STRICT_PROTOTYPES = YES;
				CLANG_WARN_SUSPICIOUS_MOVE = YES;
				CLANG_WARN_UNGUARDED_AVAILABILITY = YES_AGGRESSIVE;
				CLANG_WARN_UNREACHABLE_CODE = YES;
				CLANG_WARN__DUPLICATE_METHOD_MATCH = YES;
				COPY_PHASE_STRIP = NO;
				DEBUG_INFORMATION_FORMAT = "dwarf-with-dsym";
				ENABLE_NS_ASSERTIONS = NO;
				ENABLE_STRICT_OBJC_MSGSEND = YES;
				GCC_C_LANGUAGE_STANDARD = gnu11;
				GCC_NO_COMMON_BLOCKS = YES;
				GCC_WARN_64_TO_32_BIT_CONVERSION = YES;
				GCC_WARN_ABOUT_RETURN_TYPE = YES_ERROR;
				GCC_WARN_UNDECLARED_SELECTOR = YES;
				GCC_WARN_UNINITIALIZED_AUTOS = YES_AGGRESSIVE;
				GCC_WARN_UNUSED_FUNCTION = YES;
				GCC_WARN_UNUSED_VARIABLE = YES;
				IPHONEOS_DEPLOYMENT_TARGET = 13.2;
				MTL_ENABLE_DEBUG_INFO = NO;
				MTL_FAST_MATH = YES;
				SDKROOT = iphoneos;
				SWIFT_COMPILATION_MODE = wholemodule;
				SWIFT_OPTIMIZATION_LEVEL = "-O";
				VALIDATE_PRODUCT = YES;
			};
			name = Release;
		};
		521E530123D7B4BA005FC42F /* Debug */ = {
			isa = XCBuildConfiguration;
			baseConfigurationReference = 18E3B0F76E4A2CE1F362AADE /* Pods-Horoscopo.debug.xcconfig */;
			buildSettings = {
				ASSETCATALOG_COMPILER_APPICON_NAME = AppIcon;
				CODE_SIGN_IDENTITY = "iPhone Distribution";
				CODE_SIGN_STYLE = Manual;
				DEVELOPMENT_ASSET_PATHS = "\"Horoscopo/Preview Content\"";
				DEVELOPMENT_TEAM = X9469P8892;
				ENABLE_PREVIEWS = YES;
				INFOPLIST_FILE = Horoscopo/Info.plist;
				LD_RUNPATH_SEARCH_PATHS = (
					"$(inherited)",
					"@executable_path/Frameworks",
				);
				MARKETING_VERSION = 1.0.1;
				PRODUCT_BUNDLE_IDENTIFIER = br.com.oliveira.Horoscopo;
				PRODUCT_NAME = "$(TARGET_NAME)";
				PROVISIONING_PROFILE_SPECIFIER = "horoscopo-production";
				SWIFT_VERSION = 5.0;
				TARGETED_DEVICE_FAMILY = 1;
			};
			name = Debug;
		};
		521E530223D7B4BA005FC42F /* Release */ = {
			isa = XCBuildConfiguration;
			baseConfigurationReference = E64B29999D0E86306B5DEDCF /* Pods-Horoscopo.release.xcconfig */;
			buildSettings = {
				ASSETCATALOG_COMPILER_APPICON_NAME = AppIcon;
				CODE_SIGN_IDENTITY = "Apple Development";
				CODE_SIGN_STYLE = Automatic;
				DEVELOPMENT_ASSET_PATHS = "\"Horoscopo/Preview Content\"";
				DEVELOPMENT_TEAM = X9469P8892;
				ENABLE_PREVIEWS = YES;
				INFOPLIST_FILE = Horoscopo/Info.plist;
				LD_RUNPATH_SEARCH_PATHS = (
					"$(inherited)",
					"@executable_path/Frameworks",
				);
				MARKETING_VERSION = 1.0.1;
				PRODUCT_BUNDLE_IDENTIFIER = br.com.oliveira.Horoscopo;
				PRODUCT_NAME = "$(TARGET_NAME)";
				PROVISIONING_PROFILE_SPECIFIER = "";
				SWIFT_VERSION = 5.0;
				TARGETED_DEVICE_FAMILY = 1;
			};
			name = Release;
		};
		521E530423D7B4BA005FC42F /* Debug */ = {
			isa = XCBuildConfiguration;
			baseConfigurationReference = 28E52C3909E97A2ED23C8C7F /* Pods-HoroscopoTests.debug.xcconfig */;
			buildSettings = {
				ALWAYS_EMBED_SWIFT_STANDARD_LIBRARIES = YES;
				BUNDLE_LOADER = "$(TEST_HOST)";
				CODE_SIGN_STYLE = Automatic;
				DEVELOPMENT_TEAM = X9469P8892;
				INFOPLIST_FILE = HoroscopoTests/Info.plist;
				IPHONEOS_DEPLOYMENT_TARGET = 13.2;
				LD_RUNPATH_SEARCH_PATHS = (
					"$(inherited)",
					"@executable_path/Frameworks",
					"@loader_path/Frameworks",
				);
				PRODUCT_BUNDLE_IDENTIFIER = br.com.oliveira.HoroscopoTests;
				PRODUCT_NAME = "$(TARGET_NAME)";
				SWIFT_VERSION = 5.0;
				TARGETED_DEVICE_FAMILY = "1,2";
				TEST_HOST = "$(BUILT_PRODUCTS_DIR)/Horoscopo.app/Horoscopo";
			};
			name = Debug;
		};
		521E530523D7B4BA005FC42F /* Release */ = {
			isa = XCBuildConfiguration;
			baseConfigurationReference = F15E3ED81ADAEE6104A2A1EE /* Pods-HoroscopoTests.release.xcconfig */;
			buildSettings = {
				ALWAYS_EMBED_SWIFT_STANDARD_LIBRARIES = YES;
				BUNDLE_LOADER = "$(TEST_HOST)";
				CODE_SIGN_STYLE = Automatic;
				DEVELOPMENT_TEAM = X9469P8892;
				INFOPLIST_FILE = HoroscopoTests/Info.plist;
				IPHONEOS_DEPLOYMENT_TARGET = 13.2;
				LD_RUNPATH_SEARCH_PATHS = (
					"$(inherited)",
					"@executable_path/Frameworks",
					"@loader_path/Frameworks",
				);
				PRODUCT_BUNDLE_IDENTIFIER = br.com.oliveira.HoroscopoTests;
				PRODUCT_NAME = "$(TARGET_NAME)";
				SWIFT_VERSION = 5.0;
				TARGETED_DEVICE_FAMILY = "1,2";
				TEST_HOST = "$(BUILT_PRODUCTS_DIR)/Horoscopo.app/Horoscopo";
			};
			name = Release;
		};
/* End XCBuildConfiguration section */

/* Begin XCConfigurationList section */
		521E52DC23D7B4B9005FC42F /* Build configuration list for PBXProject "Horoscopo" */ = {
			isa = XCConfigurationList;
			buildConfigurations = (
				521E52FE23D7B4BA005FC42F /* Debug */,
				521E52FF23D7B4BA005FC42F /* Release */,
			);
			defaultConfigurationIsVisible = 0;
			defaultConfigurationName = Release;
		};
		521E530023D7B4BA005FC42F /* Build configuration list for PBXNativeTarget "Horoscopo" */ = {
			isa = XCConfigurationList;
			buildConfigurations = (
				521E530123D7B4BA005FC42F /* Debug */,
				521E530223D7B4BA005FC42F /* Release */,
			);
			defaultConfigurationIsVisible = 0;
			defaultConfigurationName = Release;
		};
		521E530323D7B4BA005FC42F /* Build configuration list for PBXNativeTarget "HoroscopoTests" */ = {
			isa = XCConfigurationList;
			buildConfigurations = (
				521E530423D7B4BA005FC42F /* Debug */,
				521E530523D7B4BA005FC42F /* Release */,
			);
			defaultConfigurationIsVisible = 0;
			defaultConfigurationName = Release;
		};
/* End XCConfigurationList section */
	};
	rootObject = 521E52D923D7B4B9005FC42F /* Project object */;
}
